
Microsoft Visual Studio Solution File, Format Version 12.00
# Visual Studio 15
VisualStudioVersion = 15.0.28307.168
MinimumVisualStudioVersion = 10.0.40219.1
Project("{8BC9CEB8-8B4A-11D0-8D11-00A0C91BC942}") = "compsim", "compsim\compsim.vcxproj", "{B5234475-0EB3-4D8C-A5DD-65482C0EBA68}"
EndProject
Global
	GlobalSection(SolutionConfigurationPlatforms) = preSolution
		Debug|x64 = Debug|x64
		Debug|x86 = Debug|x86
		Release|x64 = Release|x64
		Release|x86 = Release|x86
	EndGlobalSection
	GlobalSection(ProjectConfigurationPlatforms) = postSolution
		{B5234475-0EB3-4D8C-A5DD-65482C0EBA68}.Debug|x64.ActiveCfg = Debug|x64
		{B5234475-0EB3-4D8C-A5DD-65482C0EBA68}.Debug|x64.Build.0 = Debug|x64
		{B5234475-0EB3-4D8C-A5DD-65482C0EBA68}.Debug|x86.ActiveCfg = Debug|Win32
		{B5234475-0EB3-4D8C-A5DD-65482C0EBA68}.Debug|x86.Build.0 = Debug|Win32
		{B5234475-0EB3-4D8C-A5DD-65482C0EBA68}.Release|x64.ActiveCfg = Release|x64
		{B5234475-0EB3-4D8C-A5DD-65482C0EBA68}.Release|x64.Build.0 = Release|x64
		{B5234475-0EB3-4D8C-A5DD-65482C0EBA68}.Release|x86.ActiveCfg = Release|Win32
		{B5234475-0EB3-4D8C-A5DD-65482C0EBA68}.Release|x86.Build.0 = Release|Win32
	EndGlobalSection
	GlobalSection(SolutionProperties) = preSolution
		HideSolutionNode = FALSE
	EndGlobalSection
	GlobalSection(ExtensibilityGlobals) = postSolution
		SolutionGuid = {59C44BC5-D026-4E72-925D-80E534990C03}
	EndGlobalSection
EndGlobal
